
Microsoft Visual Studio Solution File, Format Version 12.00
# Visual Studio Version 17
VisualStudioVersion = 17.8.34316.72
MinimumVisualStudioVersion = 10.0.40219.1
Project("{FAE04EC0-301F-11D3-BF4B-00C04F79EFBC}") = "MyBlazor_WebApp", "MyBlazor_WebApp\MyBlazor_WebApp.csproj", "{B5265549-60C6-4632-A58C-9802B828625D}"
EndProject
Global
	GlobalSection(SolutionConfigurationPlatforms) = preSolution
		Debug|Any CPU = Debug|Any CPU
		Release|Any CPU = Release|Any CPU
	EndGlobalSection
	GlobalSection(ProjectConfigurationPlatforms) = postSolution
		{B5265549-60C6-4632-A58C-9802B828625D}.Debug|Any CPU.ActiveCfg = Debug|Any CPU
		{B5265549-60C6-4632-A58C-9802B828625D}.Debug|Any CPU.Build.0 = Debug|Any CPU
		{B5265549-60C6-4632-A58C-9802B828625D}.Release|Any CPU.ActiveCfg = Release|Any CPU
		{B5265549-60C6-4632-A58C-9802B828625D}.Release|Any CPU.Build.0 = Release|Any CPU
	EndGlobalSection
	GlobalSection(SolutionProperties) = preSolution
		HideSolutionNode = FALSE
	EndGlobalSection
	GlobalSection(ExtensibilityGlobals) = postSolution
		SolutionGuid = {E712C560-0E53-4657-8A24-31FFFC107DA7}
	EndGlobalSection
EndGlobal
